
Microsoft Visual Studio Solution File, Format Version 12.00
# Visual Studio Version 17
VisualStudioVersion = 17.11.35312.102
MinimumVisualStudioVersion = 10.0.40219.1
Project("{FAE04EC0-301F-11D3-BF4B-00C04F79EFBC}") = "zooShop", "zooShop\zooShop.csproj", "{276F8893-E28E-400A-831B-AA6E3C5513A4}"
EndProject
Global
	GlobalSection(SolutionConfigurationPlatforms) = preSolution
		Debug|Any CPU = Debug|Any CPU
		Release|Any CPU = Release|Any CPU
	EndGlobalSection
	GlobalSection(ProjectConfigurationPlatforms) = postSolution
		{276F8893-E28E-400A-831B-AA6E3C5513A4}.Debug|Any CPU.ActiveCfg = Debug|Any CPU
		{276F8893-E28E-400A-831B-AA6E3C5513A4}.Debug|Any CPU.Build.0 = Debug|Any CPU
		{276F8893-E28E-400A-831B-AA6E3C5513A4}.Release|Any CPU.ActiveCfg = Release|Any CPU
		{276F8893-E28E-400A-831B-AA6E3C5513A4}.Release|Any CPU.Build.0 = Release|Any CPU
	EndGlobalSection
	GlobalSection(SolutionProperties) = preSolution
		HideSolutionNode = FALSE
	EndGlobalSection
	GlobalSection(ExtensibilityGlobals) = postSolution
		SolutionGuid = {87F8F1FD-2A05-4AB4-9033-08258A5AA47C}
	EndGlobalSection
EndGlobal
